version = 1
requires-python = ">=3.13"

[[package]]
name = "clothe-match-model"
version = "0.1.0"
source = { virtual = "." }
dependencies = [
    { name = "orjson" },
]

[package.metadata]
requires-dist = [{ name = "orjson", specifier = ">=3.10.15" }]

[[package]]
name = "orjson"
version = "3.10.15"
source = { registry = "https://pypi.org/simple" }
sdist = { url = "https://files.pythonhosted.org/packages/ae/f9/5dea21763eeff8c1590076918a446ea3d6140743e0e36f58f369928ed0f4/orjson-3.10.15.tar.gz", hash = "sha256:05ca7fe452a2e9d8d9d706a2984c95b9c2ebc5db417ce0b7a49b91d50642a23e", size = 5282482 }
wheels = [
    { url = "https://files.pythonhosted.org/packages/06/10/fe7d60b8da538e8d3d3721f08c1b7bff0491e8fa4dd3bf11a17e34f4730e/orjson-3.10.15-cp313-cp313-macosx_10_15_x86_64.macosx_11_0_arm64.macosx_10_15_universal2.whl", hash = "sha256:bae0e6ec2b7ba6895198cd981b7cca95d1487d0147c8ed751e5632ad16f031a6", size = 249399 },
    { url = "https://files.pythonhosted.org/packages/6b/83/52c356fd3a61abd829ae7e4366a6fe8e8863c825a60d7ac5156067516edf/orjson-3.10.15-cp313-cp313-manylinux_2_17_aarch64.manylinux2014_aarch64.whl", hash = "sha256:f93ce145b2db1252dd86af37d4165b6faa83072b46e3995ecc95d4b2301b725a", size = 125044 },
    { url = "https://files.pythonhosted.org/packages/55/b2/d06d5901408e7ded1a74c7c20d70e3a127057a6d21355f50c90c0f337913/orjson-3.10.15-cp313-cp313-manylinux_2_17_armv7l.manylinux2014_armv7l.whl", hash = "sha256:7c203f6f969210128af3acae0ef9ea6aab9782939f45f6fe02d05958fe761ef9", size = 150066 },
    { url = "https://files.pythonhosted.org/packages/75/8c/60c3106e08dc593a861755781c7c675a566445cc39558677d505878d879f/orjson-3.10.15-cp313-cp313-manylinux_2_17_ppc64le.manylinux2014_ppc64le.whl", hash = "sha256:8918719572d662e18b8af66aef699d8c21072e54b6c82a3f8f6404c1f5ccd5e0", size = 139737 },
    { url = "https://files.pythonhosted.org/packages/6a/8c/ae00d7d0ab8a4490b1efeb01ad4ab2f1982e69cc82490bf8093407718ff5/orjson-3.10.15-cp313-cp313-manylinux_2_17_s390x.manylinux2014_s390x.whl", hash = "sha256:f71eae9651465dff70aa80db92586ad5b92df46a9373ee55252109bb6b703307", size = 154804 },
    { url = "https://files.pythonhosted.org/packages/22/86/65dc69bd88b6dd254535310e97bc518aa50a39ef9c5a2a5d518e7a223710/orjson-3.10.15-cp313-cp313-manylinux_2_17_x86_64.manylinux2014_x86_64.whl", hash = "sha256:e117eb299a35f2634e25ed120c37c641398826c2f5a3d3cc39f5993b96171b9e", size = 130583 },
    { url = "https://files.pythonhosted.org/packages/bb/00/6fe01ededb05d52be42fabb13d93a36e51f1fd9be173bd95707d11a8a860/orjson-3.10.15-cp313-cp313-manylinux_2_5_i686.manylinux1_i686.whl", hash = "sha256:13242f12d295e83c2955756a574ddd6741c81e5b99f2bef8ed8d53e47a01e4b7", size = 138465 },
    { url = "https://files.pythonhosted.org/packages/db/2f/4cc151c4b471b0cdc8cb29d3eadbce5007eb0475d26fa26ed123dca93b33/orjson-3.10.15-cp313-cp313-musllinux_1_2_aarch64.whl", hash = "sha256:7946922ada8f3e0b7b958cc3eb22cfcf6c0df83d1fe5521b4a100103e3fa84c8", size = 130742 },
    { url = "https://files.pythonhosted.org/packages/9f/13/8a6109e4b477c518498ca37963d9c0eb1508b259725553fb53d53b20e2ea/orjson-3.10.15-cp313-cp313-musllinux_1_2_armv7l.whl", hash = "sha256:b7155eb1623347f0f22c38c9abdd738b287e39b9982e1da227503387b81b34ca", size = 414669 },
    { url = "https://files.pythonhosted.org/packages/22/7b/1d229d6d24644ed4d0a803de1b0e2df832032d5beda7346831c78191b5b2/orjson-3.10.15-cp313-cp313-musllinux_1_2_i686.whl", hash = "sha256:208beedfa807c922da4e81061dafa9c8489c6328934ca2a562efa707e049e561", size = 141043 },
    { url = "https://files.pythonhosted.org/packages/cc/d3/6dc91156cf12ed86bed383bcb942d84d23304a1e57b7ab030bf60ea130d6/orjson-3.10.15-cp313-cp313-musllinux_1_2_x86_64.whl", hash = "sha256:eca81f83b1b8c07449e1d6ff7074e82e3fd6777e588f1a6632127f286a968825", size = 129826 },
    { url = "https://files.pythonhosted.org/packages/b3/38/c47c25b86f6996f1343be721b6ea4367bc1c8bc0fc3f6bbcd995d18cb19d/orjson-3.10.15-cp313-cp313-win32.whl", hash = "sha256:c03cd6eea1bd3b949d0d007c8d57049aa2b39bd49f58b4b2af571a5d3833d890", size = 142542 },
    { url = "https://files.pythonhosted.org/packages/27/f1/1d7ec15b20f8ce9300bc850de1e059132b88990e46cd0ccac29cbf11e4f9/orjson-3.10.15-cp313-cp313-win_amd64.whl", hash = "sha256:fd56a26a04f6ba5fb2045b0acc487a63162a958ed837648c5781e1fe3316cfbf", size = 133444 },
]
